
Microsoft Visual Studio Solution File, Format Version 12.00
# Visual Studio 15
VisualStudioVersion = 15.0.28307.271
MinimumVisualStudioVersion = 10.0.40219.1
Project("{9A19103F-16F7-4668-BE54-9A1E7A4F7556}") = "ASPNETCoreHeroku", "ASPNETCoreHeroku.csproj", "{AF524EAD-D97A-4CB5-BE78-B59D8B0F8B7E}"
EndProject
Global
	GlobalSection(SolutionConfigurationPlatforms) = preSolution
		Debug|Any CPU = Debug|Any CPU
		Release|Any CPU = Release|Any CPU
	EndGlobalSection
	GlobalSection(ProjectConfigurationPlatforms) = postSolution
		{AF524EAD-D97A-4CB5-BE78-B59D8B0F8B7E}.Debug|Any CPU.ActiveCfg = Debug|Any CPU
		{AF524EAD-D97A-4CB5-BE78-B59D8B0F8B7E}.Debug|Any CPU.Build.0 = Debug|Any CPU
		{AF524EAD-D97A-4CB5-BE78-B59D8B0F8B7E}.Release|Any CPU.ActiveCfg = Release|Any CPU
		{AF524EAD-D97A-4CB5-BE78-B59D8B0F8B7E}.Release|Any CPU.Build.0 = Release|Any CPU
	EndGlobalSection
	GlobalSection(SolutionProperties) = preSolution
		HideSolutionNode = FALSE
	EndGlobalSection
	GlobalSection(ExtensibilityGlobals) = postSolution
		SolutionGuid = {157E1F36-3121-41DB-824E-0EE069E5842C}
	EndGlobalSection
EndGlobal
